# This file was autogenerated by uv via the following command:
#    uv pip compile pyproject.toml -o uv.lock
joblib==1.5.3
    # via scikit-learn
numpy==2.4.0
    # via
    #   scikit-learn
    #   scipy
    #   xgboost
scikit-learn==1.8.0
    # via lambda-deploy (pyproject.toml)
scipy==1.16.3
    # via
    #   scikit-learn
    #   xgboost
threadpoolctl==3.6.0
    # via scikit-learn
xgboost==3.1.2
    # via lambda-deploy (pyproject.toml)
